// !$*UTF8*$!
{
	archiveVersion = 1;
	classes = {
	};
	objectVersion = 55;
	objects = {

/* Begin PBXBuildFile section */
		6EEC61C731D86888A586FBE3 /* Pods_AppStoreCopy.framework in Frameworks */ = {isa = PBXBuildFile; fileRef = F7168D0A9DC8E0BE0A73DC2C /* Pods_AppStoreCopy.framework */; };
		CED1F5002A21F00D00DBBBA1 /* AppStoreAppsViewModel.swift in Sources */ = {isa = PBXBuildFile; fileRef = CED1F4FF2A21F00D00DBBBA1 /* AppStoreAppsViewModel.swift */; };
		CEEC4C022A0D11BA00E55596 /* BaseMVVMViewController.swift in Sources */ = {isa = PBXBuildFile; fileRef = CEEC4C012A0D11B900E55596 /* BaseMVVMViewController.swift */; };
		CEEC4C042A0D137000E55596 /* ViewModelTypeProtocol.swift in Sources */ = {isa = PBXBuildFile; fileRef = CEEC4C032A0D137000E55596 /* ViewModelTypeProtocol.swift */; };
		CEEC4C062A0D297600E55596 /* AppStoreTodayViewModel.swift in Sources */ = {isa = PBXBuildFile; fileRef = CEEC4C052A0D297600E55596 /* AppStoreTodayViewModel.swift */; };
		CEEC4C082A0D2F0F00E55596 /* AppsCoordinator.swift in Sources */ = {isa = PBXBuildFile; fileRef = CEEC4C072A0D2F0F00E55596 /* AppsCoordinator.swift */; };
		CEFD2C9A2945A4F40058999A /* AppDelegate.swift in Sources */ = {isa = PBXBuildFile; fileRef = CEFD2C992945A4F40058999A /* AppDelegate.swift */; };
		CEFD2CA32945A4F50058999A /* Assets.xcassets in Resources */ = {isa = PBXBuildFile; fileRef = CEFD2CA22945A4F50058999A /* Assets.xcassets */; };
		CEFD2CA62945A4F50058999A /* LaunchScreen.storyboard in Resources */ = {isa = PBXBuildFile; fileRef = CEFD2CA42945A4F50058999A /* LaunchScreen.storyboard */; };
		CEFD2CAE2945A7A00058999A /* MainCoordinator.swift in Sources */ = {isa = PBXBuildFile; fileRef = CEFD2CAD2945A7A00058999A /* MainCoordinator.swift */; };
		CEFD2CB02945A8310058999A /* MainTabBarController.swift in Sources */ = {isa = PBXBuildFile; fileRef = CEFD2CAF2945A8310058999A /* MainTabBarController.swift */; };
		CEFD2CB22945B0260058999A /* Coordinator.swift in Sources */ = {isa = PBXBuildFile; fileRef = CEFD2CB12945B0260058999A /* Coordinator.swift */; };
		CEFD2CB42945B0680058999A /* AbstractCoordinator.swift in Sources */ = {isa = PBXBuildFile; fileRef = CEFD2CB32945B0680058999A /* AbstractCoordinator.swift */; };
		CEFD2CB62945C3150058999A /* AppStoreTodayViewController.swift in Sources */ = {isa = PBXBuildFile; fileRef = CEFD2CB52945C3150058999A /* AppStoreTodayViewController.swift */; };
		CEFD2CB82945C3340058999A /* AppStoreAppsViewController.swift in Sources */ = {isa = PBXBuildFile; fileRef = CEFD2CB72945C3340058999A /* AppStoreAppsViewController.swift */; };
		CEFD2CBA2945C34B0058999A /* AppStoreSearchViewController.swift in Sources */ = {isa = PBXBuildFile; fileRef = CEFD2CB92945C34B0058999A /* AppStoreSearchViewController.swift */; };
		CEFD2CBC2945C38A0058999A /* TodayCoordinator.swift in Sources */ = {isa = PBXBuildFile; fileRef = CEFD2CBB2945C38A0058999A /* TodayCoordinator.swift */; };
/* End PBXBuildFile section */

/* Begin PBXFileReference section */
		76FBACC1910894688C9FC427 /* Pods-AppStoreCopy.debug.xcconfig */ = {isa = PBXFileReference; includeInIndex = 1; lastKnownFileType = text.xcconfig; name = "Pods-AppStoreCopy.debug.xcconfig"; path = "Target Support Files/Pods-AppStoreCopy/Pods-AppStoreCopy.debug.xcconfig"; sourceTree = "<group>"; };
		B7EC1DB900770A291B85F846 /* Pods-AppStoreCopy.release.xcconfig */ = {isa = PBXFileReference; includeInIndex = 1; lastKnownFileType = text.xcconfig; name = "Pods-AppStoreCopy.release.xcconfig"; path = "Target Support Files/Pods-AppStoreCopy/Pods-AppStoreCopy.release.xcconfig"; sourceTree = "<group>"; };
		CED1F4FF2A21F00D00DBBBA1 /* AppStoreAppsViewModel.swift */ = {isa = PBXFileReference; lastKnownFileType = sourcecode.swift; path = AppStoreAppsViewModel.swift; sourceTree = "<group>"; };
		CEEC4C012A0D11B900E55596 /* BaseMVVMViewController.swift */ = {isa = PBXFileReference; lastKnownFileType = sourcecode.swift; path = BaseMVVMViewController.swift; sourceTree = "<group>"; };
		CEEC4C032A0D137000E55596 /* ViewModelTypeProtocol.swift */ = {isa = PBXFileReference; lastKnownFileType = sourcecode.swift; path = ViewModelTypeProtocol.swift; sourceTree = "<group>"; };
		CEEC4C052A0D297600E55596 /* AppStoreTodayViewModel.swift */ = {isa = PBXFileReference; lastKnownFileType = sourcecode.swift; path = AppStoreTodayViewModel.swift; sourceTree = "<group>"; };
		CEEC4C072A0D2F0F00E55596 /* AppsCoordinator.swift */ = {isa = PBXFileReference; lastKnownFileType = sourcecode.swift; path = AppsCoordinator.swift; sourceTree = "<group>"; };
		CEFD2C962945A4F40058999A /* AppStoreCopy.app */ = {isa = PBXFileReference; explicitFileType = wrapper.application; includeInIndex = 0; path = AppStoreCopy.app; sourceTree = BUILT_PRODUCTS_DIR; };
		CEFD2C992945A4F40058999A /* AppDelegate.swift */ = {isa = PBXFileReference; lastKnownFileType = sourcecode.swift; path = AppDelegate.swift; sourceTree = "<group>"; };
		CEFD2CA22945A4F50058999A /* Assets.xcassets */ = {isa = PBXFileReference; lastKnownFileType = folder.assetcatalog; path = Assets.xcassets; sourceTree = "<group>"; };
		CEFD2CA52945A4F50058999A /* Base */ = {isa = PBXFileReference; lastKnownFileType = file.storyboard; name = Base; path = Base.lproj/LaunchScreen.storyboard; sourceTree = "<group>"; };
		CEFD2CA72945A4F50058999A /* Info.plist */ = {isa = PBXFileReference; lastKnownFileType = text.plist.xml; path = Info.plist; sourceTree = "<group>"; };
		CEFD2CAD2945A7A00058999A /* MainCoordinator.swift */ = {isa = PBXFileReference; lastKnownFileType = sourcecode.swift; path = MainCoordinator.swift; sourceTree = "<group>"; };
		CEFD2CAF2945A8310058999A /* MainTabBarController.swift */ = {isa = PBXFileReference; lastKnownFileType = sourcecode.swift; path = MainTabBarController.swift; sourceTree = "<group>"; };
		CEFD2CB12945B0260058999A /* Coordinator.swift */ = {isa = PBXFileReference; lastKnownFileType = sourcecode.swift; path = Coordinator.swift; sourceTree = "<group>"; };
		CEFD2CB32945B0680058999A /* AbstractCoordinator.swift */ = {isa = PBXFileReference; lastKnownFileType = sourcecode.swift; path = AbstractCoordinator.swift; sourceTree = "<group>"; };
		CEFD2CB52945C3150058999A /* AppStoreTodayViewController.swift */ = {isa = PBXFileReference; lastKnownFileType = sourcecode.swift; path = AppStoreTodayViewController.swift; sourceTree = "<group>"; };
		CEFD2CB72945C3340058999A /* AppStoreAppsViewController.swift */ = {isa = PBXFileReference; lastKnownFileType = sourcecode.swift; path = AppStoreAppsViewController.swift; sourceTree = "<group>"; };
		CEFD2CB92945C34B0058999A /* AppStoreSearchViewController.swift */ = {isa = PBXFileReference; lastKnownFileType = sourcecode.swift; path = AppStoreSearchViewController.swift; sourceTree = "<group>"; };
		CEFD2CBB2945C38A0058999A /* TodayCoordinator.swift */ = {isa = PBXFileReference; lastKnownFileType = sourcecode.swift; path = TodayCoordinator.swift; sourceTree = "<group>"; };
		F7168D0A9DC8E0BE0A73DC2C /* Pods_AppStoreCopy.framework */ = {isa = PBXFileReference; explicitFileType = wrapper.framework; includeInIndex = 0; path = Pods_AppStoreCopy.framework; sourceTree = BUILT_PRODUCTS_DIR; };
/* End PBXFileReference section */

/* Begin PBXFrameworksBuildPhase section */
		CEFD2C932945A4F40058999A /* Frameworks */ = {
			isa = PBXFrameworksBuildPhase;
			buildActionMask = 2147483647;
			files = (
				6EEC61C731D86888A586FBE3 /* Pods_AppStoreCopy.framework in Frameworks */,
			);
			runOnlyForDeploymentPostprocessing = 0;
		};
/* End PBXFrameworksBuildPhase section */

/* Begin PBXGroup section */
		0A6929A88F05407561A61532 /* Pods */ = {
			isa = PBXGroup;
			children = (
				76FBACC1910894688C9FC427 /* Pods-AppStoreCopy.debug.xcconfig */,
				B7EC1DB900770A291B85F846 /* Pods-AppStoreCopy.release.xcconfig */,
			);
			path = Pods;
			sourceTree = "<group>";
		};
		CEEC4C002A0D0FF900E55596 /* Base */ = {
			isa = PBXGroup;
			children = (
				CEFD2CAF2945A8310058999A /* MainTabBarController.swift */,
				CEEC4C012A0D11B900E55596 /* BaseMVVMViewController.swift */,
				CEEC4C032A0D137000E55596 /* ViewModelTypeProtocol.swift */,
			);
			path = Base;
			sourceTree = "<group>";
		};
		CEFD2C8D2945A4F40058999A = {
			isa = PBXGroup;
			children = (
				CEFD2C982945A4F40058999A /* AppStoreCopy */,
				CEFD2C972945A4F40058999A /* Products */,
				0A6929A88F05407561A61532 /* Pods */,
				F0924B14CE93088D6B433081 /* Frameworks */,
			);
			sourceTree = "<group>";
		};
		CEFD2C972945A4F40058999A /* Products */ = {
			isa = PBXGroup;
			children = (
				CEFD2C962945A4F40058999A /* AppStoreCopy.app */,
			);
			name = Products;
			sourceTree = "<group>";
		};
		CEFD2C982945A4F40058999A /* AppStoreCopy */ = {
			isa = PBXGroup;
			children = (
				CEFD2CC32945C3D80058999A /* Support */,
				CEFD2CC12945C3BF0058999A /* Service */,
				CEFD2CC02945C3BC0058999A /* Model */,
				CEEC4C002A0D0FF900E55596 /* Base */,
				CEFD2CBF2945C3A90058999A /* Coordinator */,
				CEFD2CBE2945C3A60058999A /* ViewModel */,
				CEFD2CBD2945C3A40058999A /* ViewController */,
				CEFD2CA22945A4F50058999A /* Assets.xcassets */,
				CEFD2CA42945A4F50058999A /* LaunchScreen.storyboard */,
				CEFD2CA72945A4F50058999A /* Info.plist */,
			);
			path = AppStoreCopy;
			sourceTree = "<group>";
		};
		CEFD2CBD2945C3A40058999A /* ViewController */ = {
			isa = PBXGroup;
			children = (
				CEFD2CB52945C3150058999A /* AppStoreTodayViewController.swift */,
				CEFD2CB72945C3340058999A /* AppStoreAppsViewController.swift */,
				CEFD2CB92945C34B0058999A /* AppStoreSearchViewController.swift */,
			);
			path = ViewController;
			sourceTree = "<group>";
		};
		CEFD2CBE2945C3A60058999A /* ViewModel */ = {
			isa = PBXGroup;
			children = (
				CEEC4C052A0D297600E55596 /* AppStoreTodayViewModel.swift */,
				CED1F4FF2A21F00D00DBBBA1 /* AppStoreAppsViewModel.swift */,
			);
			path = ViewModel;
			sourceTree = "<group>";
		};
		CEFD2CBF2945C3A90058999A /* Coordinator */ = {
			isa = PBXGroup;
			children = (
				CEFD2CAD2945A7A00058999A /* MainCoordinator.swift */,
				CEEC4C072A0D2F0F00E55596 /* AppsCoordinator.swift */,
				CEFD2CBB2945C38A0058999A /* TodayCoordinator.swift */,
				CEFD2CB32945B0680058999A /* AbstractCoordinator.swift */,
				CEFD2CB12945B0260058999A /* Coordinator.swift */,
			);
			path = Coordinator;
			sourceTree = "<group>";
		};
		CEFD2CC02945C3BC0058999A /* Model */ = {
			isa = PBXGroup;
			children = (
			);
			path = Model;
			sourceTree = "<group>";
		};
		CEFD2CC12945C3BF0058999A /* Service */ = {
			isa = PBXGroup;
			children = (
			);
			path = Service;
			sourceTree = "<group>";
		};
		CEFD2CC32945C3D80058999A /* Support */ = {
			isa = PBXGroup;
			children = (
				CEFD2C992945A4F40058999A /* AppDelegate.swift */,
			);
			path = Support;
			sourceTree = "<group>";
		};
		F0924B14CE93088D6B433081 /* Frameworks */ = {
			isa = PBXGroup;
			children = (
				F7168D0A9DC8E0BE0A73DC2C /* Pods_AppStoreCopy.framework */,
			);
			name = Frameworks;
			sourceTree = "<group>";
		};
/* End PBXGroup section */

/* Begin PBXNativeTarget section */
		CEFD2C952945A4F40058999A /* AppStoreCopy */ = {
			isa = PBXNativeTarget;
			buildConfigurationList = CEFD2CAA2945A4F50058999A /* Build configuration list for PBXNativeTarget "AppStoreCopy" */;
			buildPhases = (
				429F8BE99D384BBD92290FC1 /* [CP] Check Pods Manifest.lock */,
				CEFD2C922945A4F40058999A /* Sources */,
				CEFD2C932945A4F40058999A /* Frameworks */,
				CEFD2C942945A4F40058999A /* Resources */,
				98027F826B8D9D3DAF8B7A98 /* [CP] Embed Pods Frameworks */,
			);
			buildRules = (
			);
			dependencies = (
			);
			name = AppStoreCopy;
			productName = AppStoreCopy;
			productReference = CEFD2C962945A4F40058999A /* AppStoreCopy.app */;
			productType = "com.apple.product-type.application";
		};
/* End PBXNativeTarget section */

/* Begin PBXProject section */
		CEFD2C8E2945A4F40058999A /* Project object */ = {
			isa = PBXProject;
			attributes = {
				BuildIndependentTargetsInParallel = 1;
				LastSwiftUpdateCheck = 1320;
				LastUpgradeCheck = 1320;
				TargetAttributes = {
					CEFD2C952945A4F40058999A = {
						CreatedOnToolsVersion = 13.2.1;
					};
				};
			};
			buildConfigurationList = CEFD2C912945A4F40058999A /* Build configuration list for PBXProject "AppStoreCopy" */;
			compatibilityVersion = "Xcode 13.0";
			developmentRegion = en;
			hasScannedForEncodings = 0;
			knownRegions = (
				en,
				Base,
			);
			mainGroup = CEFD2C8D2945A4F40058999A;
			productRefGroup = CEFD2C972945A4F40058999A /* Products */;
			projectDirPath = "";
			projectRoot = "";
			targets = (
				CEFD2C952945A4F40058999A /* AppStoreCopy */,
			);
		};
/* End PBXProject section */

/* Begin PBXResourcesBuildPhase section */
		CEFD2C942945A4F40058999A /* Resources */ = {
			isa = PBXResourcesBuildPhase;
			buildActionMask = 2147483647;
			files = (
				CEFD2CA62945A4F50058999A /* LaunchScreen.storyboard in Resources */,
				CEFD2CA32945A4F50058999A /* Assets.xcassets in Resources */,
			);
			runOnlyForDeploymentPostprocessing = 0;
		};
/* End PBXResourcesBuildPhase section */

/* Begin PBXShellScriptBuildPhase section */
		429F8BE99D384BBD92290FC1 /* [CP] Check Pods Manifest.lock */ = {
			isa = PBXShellScriptBuildPhase;
			buildActionMask = 2147483647;
			files = (
			);
			inputFileListPaths = (
			);
			inputPaths = (
				"${PODS_PODFILE_DIR_PATH}/Podfile.lock",
				"${PODS_ROOT}/Manifest.lock",
			);
			name = "[CP] Check Pods Manifest.lock";
			outputFileListPaths = (
			);
			outputPaths = (
				"$(DERIVED_FILE_DIR)/Pods-AppStoreCopy-checkManifestLockResult.txt",
			);
			runOnlyForDeploymentPostprocessing = 0;
			shellPath = /bin/sh;
			shellScript = "diff \"${PODS_PODFILE_DIR_PATH}/Podfile.lock\" \"${PODS_ROOT}/Manifest.lock\" > /dev/null\nif [ $? != 0 ] ; then\n    # print error to STDERR\n    echo \"error: The sandbox is not in sync with the Podfile.lock. Run 'pod install' or update your CocoaPods installation.\" >&2\n    exit 1\nfi\n# This output is used by Xcode 'outputs' to avoid re-running this script phase.\necho \"SUCCESS\" > \"${SCRIPT_OUTPUT_FILE_0}\"\n";
			showEnvVarsInLog = 0;
		};
		98027F826B8D9D3DAF8B7A98 /* [CP] Embed Pods Frameworks */ = {
			isa = PBXShellScriptBuildPhase;
			buildActionMask = 2147483647;
			files = (
			);
			inputFileListPaths = (
				"${PODS_ROOT}/Target Support Files/Pods-AppStoreCopy/Pods-AppStoreCopy-frameworks-${CONFIGURATION}-input-files.xcfilelist",
			);
			name = "[CP] Embed Pods Frameworks";
			outputFileListPaths = (
				"${PODS_ROOT}/Target Support Files/Pods-AppStoreCopy/Pods-AppStoreCopy-frameworks-${CONFIGURATION}-output-files.xcfilelist",
			);
			runOnlyForDeploymentPostprocessing = 0;
			shellPath = /bin/sh;
			shellScript = "\"${PODS_ROOT}/Target Support Files/Pods-AppStoreCopy/Pods-AppStoreCopy-frameworks.sh\"\n";
			showEnvVarsInLog = 0;
		};
/* End PBXShellScriptBuildPhase section */

/* Begin PBXSourcesBuildPhase section */
		CEFD2C922945A4F40058999A /* Sources */ = {
			isa = PBXSourcesBuildPhase;
			buildActionMask = 2147483647;
			files = (
				CEEC4C062A0D297600E55596 /* AppStoreTodayViewModel.swift in Sources */,
				CEFD2CB82945C3340058999A /* AppStoreAppsViewController.swift in Sources */,
				CEFD2CAE2945A7A00058999A /* MainCoordinator.swift in Sources */,
				CEEC4C022A0D11BA00E55596 /* BaseMVVMViewController.swift in Sources */,
				CEFD2CB22945B0260058999A /* Coordinator.swift in Sources */,
				CEFD2CB02945A8310058999A /* MainTabBarController.swift in Sources */,
				CEFD2CBC2945C38A0058999A /* TodayCoordinator.swift in Sources */,
				CEFD2C9A2945A4F40058999A /* AppDelegate.swift in Sources */,
				CEEC4C042A0D137000E55596 /* ViewModelTypeProtocol.swift in Sources */,
				CEFD2CB42945B0680058999A /* AbstractCoordinator.swift in Sources */,
				CED1F5002A21F00D00DBBBA1 /* AppStoreAppsViewModel.swift in Sources */,
				CEFD2CB62945C3150058999A /* AppStoreTodayViewController.swift in Sources */,
				CEEC4C082A0D2F0F00E55596 /* AppsCoordinator.swift in Sources */,
				CEFD2CBA2945C34B0058999A /* AppStoreSearchViewController.swift in Sources */,
			);
			runOnlyForDeploymentPostprocessing = 0;
		};
/* End PBXSourcesBuildPhase section */

/* Begin PBXVariantGroup section */
		CEFD2CA42945A4F50058999A /* LaunchScreen.storyboard */ = {
			isa = PBXVariantGroup;
			children = (
				CEFD2CA52945A4F50058999A /* Base */,
			);
			name = LaunchScreen.storyboard;
			sourceTree = "<group>";
		};
/* End PBXVariantGroup section */

/* Begin XCBuildConfiguration section */
		CEFD2CA82945A4F50058999A /* Debug */ = {
			isa = XCBuildConfiguration;
			buildSettings = {
				ALWAYS_SEARCH_USER_PATHS = NO;
				CLANG_ANALYZER_NONNULL = YES;
				CLANG_ANALYZER_NUMBER_OBJECT_CONVERSION = YES_AGGRESSIVE;
				CLANG_CXX_LANGUAGE_STANDARD = "gnu++17";
				CLANG_CXX_LIBRARY = "libc++";
				CLANG_ENABLE_MODULES = YES;
				CLANG_ENABLE_OBJC_ARC = YES;
				CLANG_ENABLE_OBJC_WEAK = YES;
				CLANG_WARN_BLOCK_CAPTURE_AUTORELEASING = YES;
				CLANG_WARN_BOOL_CONVERSION = YES;
				CLANG_WARN_COMMA = YES;
				CLANG_WARN_CONSTANT_CONVERSION = YES;
				CLANG_WARN_DEPRECATED_OBJC_IMPLEMENTATIONS = YES;
				CLANG_WARN_DIRECT_OBJC_ISA_USAGE = YES_ERROR;
				CLANG_WARN_DOCUMENTATION_COMMENTS = YES;
				CLANG_WARN_EMPTY_BODY = YES;
				CLANG_WARN_ENUM_CONVERSION = YES;
				CLANG_WARN_INFINITE_RECURSION = YES;
				CLANG_WARN_INT_CONVERSION = YES;
				CLANG_WARN_NON_LITERAL_NULL_CONVERSION = YES;
				CLANG_WARN_OBJC_IMPLICIT_RETAIN_SELF = YES;
				CLANG_WARN_OBJC_LITERAL_CONVERSION = YES;
				CLANG_WARN_OBJC_ROOT_CLASS = YES_ERROR;
				CLANG_WARN_QUOTED_INCLUDE_IN_FRAMEWORK_HEADER = YES;
				CLANG_WARN_RANGE_LOOP_ANALYSIS = YES;
				CLANG_WARN_STRICT_PROTOTYPES = YES;
				CLANG_WARN_SUSPICIOUS_MOVE = YES;
				CLANG_WARN_UNGUARDED_AVAILABILITY = YES_AGGRESSIVE;
				CLANG_WARN_UNREACHABLE_CODE = YES;
				CLANG_WARN__DUPLICATE_METHOD_MATCH = YES;
				COPY_PHASE_STRIP = NO;
				DEBUG_INFORMATION_FORMAT = dwarf;
				ENABLE_STRICT_OBJC_MSGSEND = YES;
				ENABLE_TESTABILITY = YES;
				GCC_C_LANGUAGE_STANDARD = gnu11;
				GCC_DYNAMIC_NO_PIC = NO;
				GCC_NO_COMMON_BLOCKS = YES;
				GCC_OPTIMIZATION_LEVEL = 0;
				GCC_PREPROCESSOR_DEFINITIONS = (
					"DEBUG=1",
					"$(inherited)",
				);
				GCC_WARN_64_TO_32_BIT_CONVERSION = YES;
				GCC_WARN_ABOUT_RETURN_TYPE = YES_ERROR;
				GCC_WARN_UNDECLARED_SELECTOR = YES;
				GCC_WARN_UNINITIALIZED_AUTOS = YES_AGGRESSIVE;
				GCC_WARN_UNUSED_FUNCTION = YES;
				GCC_WARN_UNUSED_VARIABLE = YES;
				IPHONEOS_DEPLOYMENT_TARGET = 15.2;
				MTL_ENABLE_DEBUG_INFO = INCLUDE_SOURCE;
				MTL_FAST_MATH = YES;
				ONLY_ACTIVE_ARCH = YES;
				SDKROOT = iphoneos;
				SWIFT_ACTIVE_COMPILATION_CONDITIONS = DEBUG;
				SWIFT_OPTIMIZATION_LEVEL = "-Onone";
			};
			name = Debug;
		};
		CEFD2CA92945A4F50058999A /* Release */ = {
			isa = XCBuildConfiguration;
			buildSettings = {
				ALWAYS_SEARCH_USER_PATHS = NO;
				CLANG_ANALYZER_NONNULL = YES;
				CLANG_ANALYZER_NUMBER_OBJECT_CONVERSION = YES_AGGRESSIVE;
				CLANG_CXX_LANGUAGE_STANDARD = "gnu++17";
				CLANG_CXX_LIBRARY = "libc++";
				CLANG_ENABLE_MODULES = YES;
				CLANG_ENABLE_OBJC_ARC = YES;
				CLANG_ENABLE_OBJC_WEAK = YES;
				CLANG_WARN_BLOCK_CAPTURE_AUTORELEASING = YES;
				CLANG_WARN_BOOL_CONVERSION = YES;
				CLANG_WARN_COMMA = YES;
				CLANG_WARN_CONSTANT_CONVERSION = YES;
				CLANG_WARN_DEPRECATED_OBJC_IMPLEMENTATIONS = YES;
				CLANG_WARN_DIRECT_OBJC_ISA_USAGE = YES_ERROR;
				CLANG_WARN_DOCUMENTATION_COMMENTS = YES;
				CLANG_WARN_EMPTY_BODY = YES;
				CLANG_WARN_ENUM_CONVERSION = YES;
				CLANG_WARN_INFINITE_RECURSION = YES;
				CLANG_WARN_INT_CONVERSION = YES;
				CLANG_WARN_NON_LITERAL_NULL_CONVERSION = YES;
				CLANG_WARN_OBJC_IMPLICIT_RETAIN_SELF = YES;
				CLANG_WARN_OBJC_LITERAL_CONVERSION = YES;
				CLANG_WARN_OBJC_ROOT_CLASS = YES_ERROR;
				CLANG_WARN_QUOTED_INCLUDE_IN_FRAMEWORK_HEADER = YES;
				CLANG_WARN_RANGE_LOOP_ANALYSIS = YES;
				CLANG_WARN_STRICT_PROTOTYPES = YES;
				CLANG_WARN_SUSPICIOUS_MOVE = YES;
				CLANG_WARN_UNGUARDED_AVAILABILITY = YES_AGGRESSIVE;
				CLANG_WARN_UNREACHABLE_CODE = YES;
				CLANG_WARN__DUPLICATE_METHOD_MATCH = YES;
				COPY_PHASE_STRIP = NO;
				DEBUG_INFORMATION_FORMAT = "dwarf-with-dsym";
				ENABLE_NS_ASSERTIONS = NO;
				ENABLE_STRICT_OBJC_MSGSEND = YES;
				GCC_C_LANGUAGE_STANDARD = gnu11;
				GCC_NO_COMMON_BLOCKS = YES;
				GCC_WARN_64_TO_32_BIT_CONVERSION = YES;
				GCC_WARN_ABOUT_RETURN_TYPE = YES_ERROR;
				GCC_WARN_UNDECLARED_SELECTOR = YES;
				GCC_WARN_UNINITIALIZED_AUTOS = YES_AGGRESSIVE;
				GCC_WARN_UNUSED_FUNCTION = YES;
				GCC_WARN_UNUSED_VARIABLE = YES;
				IPHONEOS_DEPLOYMENT_TARGET = 15.2;
				MTL_ENABLE_DEBUG_INFO = NO;
				MTL_FAST_MATH = YES;
				SDKROOT = iphoneos;
				SWIFT_COMPILATION_MODE = wholemodule;
				SWIFT_OPTIMIZATION_LEVEL = "-O";
				VALIDATE_PRODUCT = YES;
			};
			name = Release;
		};
		CEFD2CAB2945A4F50058999A /* Debug */ = {
			isa = XCBuildConfiguration;
			baseConfigurationReference = 76FBACC1910894688C9FC427 /* Pods-AppStoreCopy.debug.xcconfig */;
			buildSettings = {
				ASSETCATALOG_COMPILER_APPICON_NAME = AppIcon;
				ASSETCATALOG_COMPILER_GLOBAL_ACCENT_COLOR_NAME = AccentColor;
				CODE_SIGN_STYLE = Automatic;
				CURRENT_PROJECT_VERSION = 1;
				DEVELOPMENT_TEAM = ADHC8G6NHC;
				GENERATE_INFOPLIST_FILE = YES;
				INFOPLIST_FILE = AppStoreCopy/Info.plist;
				INFOPLIST_KEY_UIApplicationSupportsIndirectInputEvents = YES;
				INFOPLIST_KEY_UILaunchStoryboardName = LaunchScreen;
				INFOPLIST_KEY_UISupportedInterfaceOrientations_iPad = "UIInterfaceOrientationPortrait UIInterfaceOrientationPortraitUpsideDown UIInterfaceOrientationLandscapeLeft UIInterfaceOrientationLandscapeRight";
				INFOPLIST_KEY_UISupportedInterfaceOrientations_iPhone = "UIInterfaceOrientationPortrait UIInterfaceOrientationLandscapeLeft UIInterfaceOrientationLandscapeRight";
				LD_RUNPATH_SEARCH_PATHS = (
					"$(inherited)",
					"@executable_path/Frameworks",
				);
				MARKETING_VERSION = 1.0;
				PRODUCT_BUNDLE_IDENTIFIER = com.seongjunIm.www.AppStoreCopy;
				PRODUCT_NAME = "$(TARGET_NAME)";
				SWIFT_EMIT_LOC_STRINGS = YES;
				SWIFT_VERSION = 5.0;
				TARGETED_DEVICE_FAMILY = "1,2";
			};
			name = Debug;
		};
		CEFD2CAC2945A4F50058999A /* Release */ = {
			isa = XCBuildConfiguration;
			baseConfigurationReference = B7EC1DB900770A291B85F846 /* Pods-AppStoreCopy.release.xcconfig */;
			buildSettings = {
				ASSETCATALOG_COMPILER_APPICON_NAME = AppIcon;
				ASSETCATALOG_COMPILER_GLOBAL_ACCENT_COLOR_NAME = AccentColor;
				CODE_SIGN_STYLE = Automatic;
				CURRENT_PROJECT_VERSION = 1;
				DEVELOPMENT_TEAM = ADHC8G6NHC;
				GENERATE_INFOPLIST_FILE = YES;
				INFOPLIST_FILE = AppStoreCopy/Info.plist;
				INFOPLIST_KEY_UIApplicationSupportsIndirectInputEvents = YES;
				INFOPLIST_KEY_UILaunchStoryboardName = LaunchScreen;
				INFOPLIST_KEY_UISupportedInterfaceOrientations_iPad = "UIInterfaceOrientationPortrait UIInterfaceOrientationPortraitUpsideDown UIInterfaceOrientationLandscapeLeft UIInterfaceOrientationLandscapeRight";
				INFOPLIST_KEY_UISupportedInterfaceOrientations_iPhone = "UIInterfaceOrientationPortrait UIInterfaceOrientationLandscapeLeft UIInterfaceOrientationLandscapeRight";
				LD_RUNPATH_SEARCH_PATHS = (
					"$(inherited)",
					"@executable_path/Frameworks",
				);
				MARKETING_VERSION = 1.0;
				PRODUCT_BUNDLE_IDENTIFIER = com.seongjunIm.www.AppStoreCopy;
				PRODUCT_NAME = "$(TARGET_NAME)";
				SWIFT_EMIT_LOC_STRINGS = YES;
				SWIFT_VERSION = 5.0;
				TARGETED_DEVICE_FAMILY = "1,2";
			};
			name = Release;
		};
/* End XCBuildConfiguration section */

/* Begin XCConfigurationList section */
		CEFD2C912945A4F40058999A /* Build configuration list for PBXProject "AppStoreCopy" */ = {
			isa = XCConfigurationList;
			buildConfigurations = (
				CEFD2CA82945A4F50058999A /* Debug */,
				CEFD2CA92945A4F50058999A /* Release */,
			);
			defaultConfigurationIsVisible = 0;
			defaultConfigurationName = Release;
		};
		CEFD2CAA2945A4F50058999A /* Build configuration list for PBXNativeTarget "AppStoreCopy" */ = {
			isa = XCConfigurationList;
			buildConfigurations = (
				CEFD2CAB2945A4F50058999A /* Debug */,
				CEFD2CAC2945A4F50058999A /* Release */,
			);
			defaultConfigurationIsVisible = 0;
			defaultConfigurationName = Release;
		};
/* End XCConfigurationList section */
	};
	rootObject = CEFD2C8E2945A4F40058999A /* Project object */;
}
